{
	"name": "emptyproject",
	"version": "1.0.0",
	"lockfileVersion": 1,
	"requires": true,
	"dependencies": {
		"total.js": {
			"version": "3.3.0",
			"resolved": "https://registry.npmjs.org/total.js/-/total.js-3.3.0.tgz",
			"integrity": "sha512-P9Bk/Kqo9amVA0QG26eBD6K+cnSN9uRb7mH0lsEiofgmFeVDHCbi2fc/KlTc90X1KeeS/PsDO/80qksewtOxYA=="
		}
	}
}
